
Microsoft Visual Studio Solution File, Format Version 12.00
# Visual Studio Version 16
VisualStudioVersion = 16.0.30002.166
MinimumVisualStudioVersion = 10.0.40219.1
Project("{FAE04EC0-301F-11D3-BF4B-00C04F79EFBC}") = "WindowsFormsApp1", "WindowsFormsApp1\WindowsFormsApp1.csproj", "{21871BB5-0D2F-4973-9DCC-520E7EDDFE8D}"
EndProject
Global
	GlobalSection(SolutionConfigurationPlatforms) = preSolution
		Debug|Any CPU = Debug|Any CPU
		Release|Any CPU = Release|Any CPU
	EndGlobalSection
	GlobalSection(ProjectConfigurationPlatforms) = postSolution
		{21871BB5-0D2F-4973-9DCC-520E7EDDFE8D}.Debug|Any CPU.ActiveCfg = Debug|Any CPU
		{21871BB5-0D2F-4973-9DCC-520E7EDDFE8D}.Debug|Any CPU.Build.0 = Debug|Any CPU
		{21871BB5-0D2F-4973-9DCC-520E7EDDFE8D}.Release|Any CPU.ActiveCfg = Release|Any CPU
		{21871BB5-0D2F-4973-9DCC-520E7EDDFE8D}.Release|Any CPU.Build.0 = Release|Any CPU
	EndGlobalSection
	GlobalSection(SolutionProperties) = preSolution
		HideSolutionNode = FALSE
	EndGlobalSection
	GlobalSection(ExtensibilityGlobals) = postSolution
		SolutionGuid = {632BA017-9905-4404-A1F5-483B1968AE80}
	EndGlobalSection
EndGlobal
